// !$*UTF8*$!
{
	archiveVersion = 1;
	classes = {
	};
	objectVersion = 50;
	objects = {

/* Begin PBXBuildFile section */
		FF6C29EC2210904800558840 /* AppDelegate.swift in Sources */ = {isa = PBXBuildFile; fileRef = FF6C29EB2210904800558840 /* AppDelegate.swift */; };
		FF6C29EE2210904800558840 /* ViewController.swift in Sources */ = {isa = PBXBuildFile; fileRef = FF6C29ED2210904800558840 /* ViewController.swift */; };
		FF6C29F12210904800558840 /* Main.storyboard in Resources */ = {isa = PBXBuildFile; fileRef = FF6C29EF2210904800558840 /* Main.storyboard */; };
		FF6C29F42210904800558840 /* NetworkConnection.xcdatamodeld in Sources */ = {isa = PBXBuildFile; fileRef = FF6C29F22210904800558840 /* NetworkConnection.xcdatamodeld */; };
		FF6C29F62210904E00558840 /* Assets.xcassets in Resources */ = {isa = PBXBuildFile; fileRef = FF6C29F52210904E00558840 /* Assets.xcassets */; };
		FF6C29F92210904E00558840 /* LaunchScreen.storyboard in Resources */ = {isa = PBXBuildFile; fileRef = FF6C29F72210904E00558840 /* LaunchScreen.storyboard */; };
		FF6C2A012210906400558840 /* Rechablity.swift in Sources */ = {isa = PBXBuildFile; fileRef = FF6C2A002210906400558840 /* Rechablity.swift */; };
/* End PBXBuildFile section */

/* Begin PBXFileReference section */
		FF6C29E82210904800558840 /* NetworkConnection.app */ = {isa = PBXFileReference; explicitFileType = wrapper.application; includeInIndex = 0; path = NetworkConnection.app; sourceTree = BUILT_PRODUCTS_DIR; };
		FF6C29EB2210904800558840 /* AppDelegate.swift */ = {isa = PBXFileReference; lastKnownFileType = sourcecode.swift; path = AppDelegate.swift; sourceTree = "<group>"; };
		FF6C29ED2210904800558840 /* ViewController.swift */ = {isa = PBXFileReference; lastKnownFileType = sourcecode.swift; path = ViewController.swift; sourceTree = "<group>"; };
		FF6C29F02210904800558840 /* Base */ = {isa = PBXFileReference; lastKnownFileType = file.storyboard; name = Base; path = Base.lproj/Main.storyboard; sourceTree = "<group>"; };
		FF6C29F32210904800558840 /* NetworkConnection.xcdatamodel */ = {isa = PBXFileReference; lastKnownFileType = wrapper.xcdatamodel; path = NetworkConnection.xcdatamodel; sourceTree = "<group>"; };
		FF6C29F52210904E00558840 /* Assets.xcassets */ = {isa = PBXFileReference; lastKnownFileType = folder.assetcatalog; path = Assets.xcassets; sourceTree = "<group>"; };
		FF6C29F82210904E00558840 /* Base */ = {isa = PBXFileReference; lastKnownFileType = file.storyboard; name = Base; path = Base.lproj/LaunchScreen.storyboard; sourceTree = "<group>"; };
		FF6C29FA2210904E00558840 /* Info.plist */ = {isa = PBXFileReference; lastKnownFileType = text.plist.xml; path = Info.plist; sourceTree = "<group>"; };
		FF6C2A002210906400558840 /* Rechablity.swift */ = {isa = PBXFileReference; lastKnownFileType = sourcecode.swift; path = Rechablity.swift; sourceTree = "<group>"; };
/* End PBXFileReference section */

/* Begin PBXFrameworksBuildPhase section */
		FF6C29E52210904800558840 /* Frameworks */ = {
			isa = PBXFrameworksBuildPhase;
			buildActionMask = 2147483647;
			files = (
			);
			runOnlyForDeploymentPostprocessing = 0;
		};
/* End PBXFrameworksBuildPhase section */

/* Begin PBXGroup section */
		FF6C29DF2210904800558840 = {
			isa = PBXGroup;
			children = (
				FF6C29EA2210904800558840 /* NetworkConnection */,
				FF6C29E92210904800558840 /* Products */,
			);
			sourceTree = "<group>";
		};
		FF6C29E92210904800558840 /* Products */ = {
			isa = PBXGroup;
			children = (
				FF6C29E82210904800558840 /* NetworkConnection.app */,
			);
			name = Products;
			sourceTree = "<group>";
		};
		FF6C29EA2210904800558840 /* NetworkConnection */ = {
			isa = PBXGroup;
			children = (
				FF6C29EB2210904800558840 /* AppDelegate.swift */,
				FF6C29ED2210904800558840 /* ViewController.swift */,
				FF6C2A002210906400558840 /* Rechablity.swift */,
				FF6C29EF2210904800558840 /* Main.storyboard */,
				FF6C29F52210904E00558840 /* Assets.xcassets */,
				FF6C29F72210904E00558840 /* LaunchScreen.storyboard */,
				FF6C29FA2210904E00558840 /* Info.plist */,
				FF6C29F22210904800558840 /* NetworkConnection.xcdatamodeld */,
			);
			path = NetworkConnection;
			sourceTree = "<group>";
		};
/* End PBXGroup section */

/* Begin PBXNativeTarget section */
		FF6C29E72210904800558840 /* NetworkConnection */ = {
			isa = PBXNativeTarget;
			buildConfigurationList = FF6C29FD2210904E00558840 /* Build configuration list for PBXNativeTarget "NetworkConnection" */;
			buildPhases = (
				FF6C29E42210904800558840 /* Sources */,
				FF6C29E52210904800558840 /* Frameworks */,
				FF6C29E62210904800558840 /* Resources */,
			);
			buildRules = (
			);
			dependencies = (
			);
			name = NetworkConnection;
			productName = NetworkConnection;
			productReference = FF6C29E82210904800558840 /* NetworkConnection.app */;
			productType = "com.apple.product-type.application";
		};
/* End PBXNativeTarget section */

/* Begin PBXProject section */
		FF6C29E02210904800558840 /* Project object */ = {
			isa = PBXProject;
			attributes = {
				LastSwiftUpdateCheck = 1010;
				LastUpgradeCheck = 1010;
				ORGANIZATIONNAME = logesh;
				TargetAttributes = {
					FF6C29E72210904800558840 = {
						CreatedOnToolsVersion = 10.1;
					};
				};
			};
			buildConfigurationList = FF6C29E32210904800558840 /* Build configuration list for PBXProject "NetworkConnection" */;
			compatibilityVersion = "Xcode 9.3";
			developmentRegion = en;
			hasScannedForEncodings = 0;
			knownRegions = (
				en,
				Base,
			);
			mainGroup = FF6C29DF2210904800558840;
			productRefGroup = FF6C29E92210904800558840 /* Products */;
			projectDirPath = "";
			projectRoot = "";
			targets = (
				FF6C29E72210904800558840 /* NetworkConnection */,
			);
		};
/* End PBXProject section */

/* Begin PBXResourcesBuildPhase section */
		FF6C29E62210904800558840 /* Resources */ = {
			isa = PBXResourcesBuildPhase;
			buildActionMask = 2147483647;
			files = (
				FF6C29F92210904E00558840 /* LaunchScreen.storyboard in Resources */,
				FF6C29F62210904E00558840 /* Assets.xcassets in Resources */,
				FF6C29F12210904800558840 /* Main.storyboard in Resources */,
			);
			runOnlyForDeploymentPostprocessing = 0;
		};
/* End PBXResourcesBuildPhase section */

/* Begin PBXSourcesBuildPhase section */
		FF6C29E42210904800558840 /* Sources */ = {
			isa = PBXSourcesBuildPhase;
			buildActionMask = 2147483647;
			files = (
				FF6C29EE2210904800558840 /* ViewController.swift in Sources */,
				FF6C29F42210904800558840 /* NetworkConnection.xcdatamodeld in Sources */,
				FF6C2A012210906400558840 /* Rechablity.swift in Sources */,
				FF6C29EC2210904800558840 /* AppDelegate.swift in Sources */,
			);
			runOnlyForDeploymentPostprocessing = 0;
		};
/* End PBXSourcesBuildPhase section */

/* Begin PBXVariantGroup section */
		FF6C29EF2210904800558840 /* Main.storyboard */ = {
			isa = PBXVariantGroup;
			children = (
				FF6C29F02210904800558840 /* Base */,
			);
			name = Main.storyboard;
			sourceTree = "<group>";
		};
		FF6C29F72210904E00558840 /* LaunchScreen.storyboard */ = {
			isa = PBXVariantGroup;
			children = (
				FF6C29F82210904E00558840 /* Base */,
			);
			name = LaunchScreen.storyboard;
			sourceTree = "<group>";
		};
/* End PBXVariantGroup section */

/* Begin XCBuildConfiguration section */
		FF6C29FB2210904E00558840 /* Debug */ = {
			isa = XCBuildConfiguration;
			buildSettings = {
				ALWAYS_SEARCH_USER_PATHS = NO;
				CLANG_ANALYZER_NONNULL = YES;
				CLANG_ANALYZER_NUMBER_OBJECT_CONVERSION = YES_AGGRESSIVE;
				CLANG_CXX_LANGUAGE_STANDARD = "gnu++14";
				CLANG_CXX_LIBRARY = "libc++";
				CLANG_ENABLE_MODULES = YES;
				CLANG_ENABLE_OBJC_ARC = YES;
				CLANG_ENABLE_OBJC_WEAK = YES;
				CLANG_WARN_BLOCK_CAPTURE_AUTORELEASING = YES;
				CLANG_WARN_BOOL_CONVERSION = YES;
				CLANG_WARN_COMMA = YES;
				CLANG_WARN_CONSTANT_CONVERSION = YES;
				CLANG_WARN_DEPRECATED_OBJC_IMPLEMENTATIONS = YES;
				CLANG_WARN_DIRECT_OBJC_ISA_USAGE = YES_ERROR;
				CLANG_WARN_DOCUMENTATION_COMMENTS = YES;
				CLANG_WARN_EMPTY_BODY = YES;
				CLANG_WARN_ENUM_CONVERSION = YES;
				CLANG_WARN_INFINITE_RECURSION = YES;
				CLANG_WARN_INT_CONVERSION = YES;
				CLANG_WARN_NON_LITERAL_NULL_CONVERSION = YES;
				CLANG_WARN_OBJC_IMPLICIT_RETAIN_SELF = YES;
				CLANG_WARN_OBJC_LITERAL_CONVERSION = YES;
				CLANG_WARN_OBJC_ROOT_CLASS = YES_ERROR;
				CLANG_WARN_RANGE_LOOP_ANALYSIS = YES;
				CLANG_WARN_STRICT_PROTOTYPES = YES;
				CLANG_WARN_SUSPICIOUS_MOVE = YES;
				CLANG_WARN_UNGUARDED_AVAILABILITY = YES_AGGRESSIVE;
				CLANG_WARN_UNREACHABLE_CODE = YES;
				CLANG_WARN__DUPLICATE_METHOD_MATCH = YES;
				CODE_SIGN_IDENTITY = "iPhone Developer";
				COPY_PHASE_STRIP = NO;
				DEBUG_INFORMATION_FORMAT = dwarf;
				ENABLE_STRICT_OBJC_MSGSEND = YES;
				ENABLE_TESTABILITY = YES;
				GCC_C_LANGUAGE_STANDARD = gnu11;
				GCC_DYNAMIC_NO_PIC = NO;
				GCC_NO_COMMON_BLOCKS = YES;
				GCC_OPTIMIZATION_LEVEL = 0;
				GCC_PREPROCESSOR_DEFINITIONS = (
					"DEBUG=1",
					"$(inherited)",
				);
				GCC_WARN_64_TO_32_BIT_CONVERSION = YES;
				GCC_WARN_ABOUT_RETURN_TYPE = YES_ERROR;
				GCC_WARN_UNDECLARED_SELECTOR = YES;
				GCC_WARN_UNINITIALIZED_AUTOS = YES_AGGRESSIVE;
				GCC_WARN_UNUSED_FUNCTION = YES;
				GCC_WARN_UNUSED_VARIABLE = YES;
				IPHONEOS_DEPLOYMENT_TARGET = 12.1;
				MTL_ENABLE_DEBUG_INFO = INCLUDE_SOURCE;
				MTL_FAST_MATH = YES;
				ONLY_ACTIVE_ARCH = YES;
				SDKROOT = iphoneos;
				SWIFT_ACTIVE_COMPILATION_CONDITIONS = DEBUG;
				SWIFT_OPTIMIZATION_LEVEL = "-Onone";
			};
			name = Debug;
		};
		FF6C29FC2210904E00558840 /* Release */ = {
			isa = XCBuildConfiguration;
			buildSettings = {
				ALWAYS_SEARCH_USER_PATHS = NO;
				CLANG_ANALYZER_NONNULL = YES;
				CLANG_ANALYZER_NUMBER_OBJECT_CONVERSION = YES_AGGRESSIVE;
				CLANG_CXX_LANGUAGE_STANDARD = "gnu++14";
				CLANG_CXX_LIBRARY = "libc++";
				CLANG_ENABLE_MODULES = YES;
				CLANG_ENABLE_OBJC_ARC = YES;
				CLANG_ENABLE_OBJC_WEAK = YES;
				CLANG_WARN_BLOCK_CAPTURE_AUTORELEASING = YES;
				CLANG_WARN_BOOL_CONVERSION = YES;
				CLANG_WARN_COMMA = YES;
				CLANG_WARN_CONSTANT_CONVERSION = YES;
				CLANG_WARN_DEPRECATED_OBJC_IMPLEMENTATIONS = YES;
				CLANG_WARN_DIRECT_OBJC_ISA_USAGE = YES_ERROR;
				CLANG_WARN_DOCUMENTATION_COMMENTS = YES;
				CLANG_WARN_EMPTY_BODY = YES;
				CLANG_WARN_ENUM_CONVERSION = YES;
				CLANG_WARN_INFINITE_RECURSION = YES;
				CLANG_WARN_INT_CONVERSION = YES;
				CLANG_WARN_NON_LITERAL_NULL_CONVERSION = YES;
				CLANG_WARN_OBJC_IMPLICIT_RETAIN_SELF = YES;
				CLANG_WARN_OBJC_LITERAL_CONVERSION = YES;
				CLANG_WARN_OBJC_ROOT_CLASS = YES_ERROR;
				CLANG_WARN_RANGE_LOOP_ANALYSIS = YES;
				CLANG_WARN_STRICT_PROTOTYPES = YES;
				CLANG_WARN_SUSPICIOUS_MOVE = YES;
				CLANG_WARN_UNGUARDED_AVAILABILITY = YES_AGGRESSIVE;
				CLANG_WARN_UNREACHABLE_CODE = YES;
				CLANG_WARN__DUPLICATE_METHOD_MATCH = YES;
				CODE_SIGN_IDENTITY = "iPhone Developer";
				COPY_PHASE_STRIP = NO;
				DEBUG_INFORMATION_FORMAT = "dwarf-with-dsym";
				ENABLE_NS_ASSERTIONS = NO;
				ENABLE_STRICT_OBJC_MSGSEND = YES;
				GCC_C_LANGUAGE_STANDARD = gnu11;
				GCC_NO_COMMON_BLOCKS = YES;
				GCC_WARN_64_TO_32_BIT_CONVERSION = YES;
				GCC_WARN_ABOUT_RETURN_TYPE = YES_ERROR;
				GCC_WARN_UNDECLARED_SELECTOR = YES;
				GCC_WARN_UNINITIALIZED_AUTOS = YES_AGGRESSIVE;
				GCC_WARN_UNUSED_FUNCTION = YES;
				GCC_WARN_UNUSED_VARIABLE = YES;
				IPHONEOS_DEPLOYMENT_TARGET = 12.1;
				MTL_ENABLE_DEBUG_INFO = NO;
				MTL_FAST_MATH = YES;
				SDKROOT = iphoneos;
				SWIFT_COMPILATION_MODE = wholemodule;
				SWIFT_OPTIMIZATION_LEVEL = "-O";
				VALIDATE_PRODUCT = YES;
			};
			name = Release;
		};
		FF6C29FE2210904E00558840 /* Debug */ = {
			isa = XCBuildConfiguration;
			buildSettings = {
				ASSETCATALOG_COMPILER_APPICON_NAME = AppIcon;
				CODE_SIGN_STYLE = Automatic;
				DEVELOPMENT_TEAM = VKN5LNK84F;
				INFOPLIST_FILE = NetworkConnection/Info.plist;
				LD_RUNPATH_SEARCH_PATHS = (
					"$(inherited)",
					"@executable_path/Frameworks",
				);
				PRODUCT_BUNDLE_IDENTIFIER = logesh.NetworkConnection;
				PRODUCT_NAME = "$(TARGET_NAME)";
				SWIFT_VERSION = 4.2;
				TARGETED_DEVICE_FAMILY = "1,2";
			};
			name = Debug;
		};
		FF6C29FF2210904E00558840 /* Release */ = {
			isa = XCBuildConfiguration;
			buildSettings = {
				ASSETCATALOG_COMPILER_APPICON_NAME = AppIcon;
				CODE_SIGN_STYLE = Automatic;
				DEVELOPMENT_TEAM = VKN5LNK84F;
				INFOPLIST_FILE = NetworkConnection/Info.plist;
				LD_RUNPATH_SEARCH_PATHS = (
					"$(inherited)",
					"@executable_path/Frameworks",
				);
				PRODUCT_BUNDLE_IDENTIFIER = logesh.NetworkConnection;
				PRODUCT_NAME = "$(TARGET_NAME)";
				SWIFT_VERSION = 4.2;
				TARGETED_DEVICE_FAMILY = "1,2";
			};
			name = Release;
		};
/* End XCBuildConfiguration section */

/* Begin XCConfigurationList section */
		FF6C29E32210904800558840 /* Build configuration list for PBXProject "NetworkConnection" */ = {
			isa = XCConfigurationList;
			buildConfigurations = (
				FF6C29FB2210904E00558840 /* Debug */,
				FF6C29FC2210904E00558840 /* Release */,
			);
			defaultConfigurationIsVisible = 0;
			defaultConfigurationName = Release;
		};
		FF6C29FD2210904E00558840 /* Build configuration list for PBXNativeTarget "NetworkConnection" */ = {
			isa = XCConfigurationList;
			buildConfigurations = (
				FF6C29FE2210904E00558840 /* Debug */,
				FF6C29FF2210904E00558840 /* Release */,
			);
			defaultConfigurationIsVisible = 0;
			defaultConfigurationName = Release;
		};
/* End XCConfigurationList section */

/* Begin XCVersionGroup section */
		FF6C29F22210904800558840 /* NetworkConnection.xcdatamodeld */ = {
			isa = XCVersionGroup;
			children = (
				FF6C29F32210904800558840 /* NetworkConnection.xcdatamodel */,
			);
			currentVersion = FF6C29F32210904800558840 /* NetworkConnection.xcdatamodel */;
			path = NetworkConnection.xcdatamodeld;
			sourceTree = "<group>";
			versionGroupType = wrapper.xcdatamodel;
		};
/* End XCVersionGroup section */
	};
	rootObject = FF6C29E02210904800558840 /* Project object */;
}
